lockfileVersion: '9.0'

settings:
  autoInstallPeers: true
  excludeLinksFromLockfile: false

overrides:
  miniflare>sharp: 0.35.4

importers:

  .:
    dependencies:
      '@base-ui/react':
        specifier: ^1.7.0
        version: 1.7.0(@date-fns/tz@1.5.0)(@types/react@19.2.14)(date-fns@4.4.0)(react-dom@19.2.6(react@19.2.6))(react@19.2.6)
      '@hookform/resolvers':
        specifier: ^5.7.1
        version: 5.7.1(@standard-schema/spec@1.1.0)(ajv-formats@2.1.1(ajv@8.20.0))(ajv@8.20.0)(effect@3.20.0)(react-hook-form@7.85.0(react@19.2.6))(valibot@1.4.2(typescript@5.9.3))(zod@3.25.76)
      '@prisma/adapter-d1':
        specifier: ^7.10.0
        version: 7.10.0
      '@prisma/client':
        specifier: ^7.10.0
        version: 7.10.0(prisma@7.10.0(@types/react-dom@19.2.3(@types/react@19.2.14))(@types/react@19.2.14)(react-dom@19.2.6(react@19.2.6))(react@19.2.6)(typescript@5.9.3))(typescript@5.9.3)
      '@shadcn/react':
        specifier: ^0.3.0
        version: 0.3.0(@types/react@19.2.14)(react@19.2.6)
      class-variance-authority:
        specifier: 0.7.1
        version: 0.7.1
      clsx:
        specifier: 2.1.1
        version: 2.1.1
      cmdk:
        specifier: ^1.1.1
        version: 1.1.1(@types/react-dom@19.2.3(@types/react@19.2.14))(@types/react@19.2.14)(react-dom@19.2.6(react@19.2.6))(react@19.2.6)
      date-fns:
        specifier: ^4.4.0
        version: 4.4.0
      drizzle-orm:
        specifier: 0.45.2
        version: 0.45.2(@cloudflare/workers-types@4.20260515.1)(@electric-sql/pglite@0.4.3)(@prisma/client@7.10.0(prisma@7.10.0(@types/react-dom@19.2.3(@types/react@19.2.14))(@types/react@19.2.14)(react-dom@19.2.6(react@19.2.6))(react@19.2.6)(typescript@5.9.3))(typescript@5.9.3))(mysql2@3.15.3)(postgres@3.4.7)(prisma@7.10.0(@types/react-dom@19.2.3(@types/react@19.2.14))(@types/react@19.2.14)(react-dom@19.2.6(react@19.2.6))(react@19.2.6)(typescript@5.9.3))
      embla-carousel-react:
        specifier: ^8.6.0
        version: 8.6.0(react@19.2.6)
      input-otp:
        specifier: ^1.4.2
        version: 1.4.2(react-dom@19.2.6(react@19.2.6))(react@19.2.6)
      lucide-react:
        specifier: ^1.31.0
        version: 1.31.0(react@19.2.6)
      next:
        specifier: 16.3.4
        version: 16.3.4(@babel/core@7.29.0(supports-color@10.2.2))(@types/node@22.19.19)(react-dom@19.2.6(react@19.2.6))(react@19.2.6)
      next-themes:
        specifier: ^0.4.6
        version: 0.4.6(react-dom@19.2.6(react@19.2.6))(react@19.2.6)
      radix-ui:
        specifier: ^1.6.7
        version: 1.6.7(@types/react-dom@19.2.3(@types/react@19.2.14))(@types/react@19.2.14)(react-dom@19.2.6(react@19.2.6))(react@19.2.6)
      react:
        specifier: 19.2.6
        version: 19.2.6
      react-day-picker:
        specifier: ^10.0.1
        version: 10.0.1(@types/react@19.2.14)(react@19.2.6)
      react-dom:
        specifier: 19.2.6
        version: 19.2.6(react@19.2.6)
      react-hook-form:
        specifier: ^7.85.0
        version: 7.85.0(react@19.2.6)
      react-resizable-panels:
        specifier: ^4.12.2
        version: 4.12.2(react-dom@19.2.6(react@19.2.6))(react@19.2.6)
      recharts:
        specifier: ^3.8.0
        version: 3.8.0(@types/react@19.2.14)(react-dom@19.2.6(react@19.2.6))(react-is@16.13.1)(react@19.2.6)(redux@5.0.1)
      sonner:
        specifier: ^2.0.8
        version: 2.0.8(@types/react@19.2.14)(react-dom@19.2.6(react@19.2.6))(react@19.2.6)
      tailwind-merge:
        specifier: 3.6.0
        version: 3.6.0
      vaul:
        specifier: ^1.1.2
        version: 1.1.2(@types/react-dom@19.2.3(@types/react@19.2.14))(@types/react@19.2.14)(react-dom@19.2.6(react@19.2.6))(react@19.2.6)
      zod:
        specifier: ^3.25.76
        version: 3.25.76
    devDependencies:
      '@cloudflare/vite-plugin':
        specifier: 1.37.1
        version: 1.37.1(@types/node@22.19.19)(vite@8.0.13(@types/node@22.19.19)(esbuild@0.28.0)(jiti@2.7.0)(terser@5.47.1)(tsx@4.22.1))(workerd@1.20260515.1)(wrangler@4.92.0(@cloudflare/workers-types@4.20260515.1)(@types/node@22.19.19))
      '@cloudflare/workers-types':
        specifier: 4.20260515.1
        version: 4.20260515.1
      '@tailwindcss/postcss':
        specifier: 4.2.1
        version: 4.2.1
      '@types/node':
        specifier: 22.19.19
        version: 22.19.19
      '@types/react':
        specifier: 19.2.14
        version: 19.2.14
      '@types/react-dom':
        specifier: 19.2.3
        version: 19.2.3(@types/react@19.2.14)
      '@vitejs/plugin-react':
        specifier: 6.0.2
        version: 6.0.2(vite@8.0.13(@types/node@22.19.19)(esbuild@0.28.0)(jiti@2.7.0)(terser@5.47.1)(tsx@4.22.1))
      '@vitejs/plugin-rsc':
        specifier: 0.5.26
        version: 0.5.26(react-dom@19.2.6(react@19.2.6))(react-server-dom-webpack@19.2.6(react-dom@19.2.6(react@19.2.6))(react@19.2.6)(webpack@5.106.2(esbuild@0.28.0)(lightningcss@1.32.0)(postcss@8.5.23)))(react@19.2.6)(vite@8.0.13(@types/node@22.19.19)(esbuild@0.28.0)(jiti@2.7.0)(terser@5.47.1)(tsx@4.22.1))
      drizzle-kit:
        specifier: 0.31.10
        version: 0.31.10
      eslint:
        specifier: 9.39.4
        version: 9.39.4(jiti@2.7.0)(supports-color@10.2.2)
      eslint-config-next:
        specifier: 16.3.4
        version: 16.3.4(@typescript-eslint/parser@8.59.3(eslint@9.39.4(jiti@2.7.0)(supports-color@10.2.2))(supports-color@10.2.2)(typescript@5.9.3))(eslint@9.39.4(jiti@2.7.0)(supports-color@10.2.2))(supports-color@10.2.2)(typescript@5.9.3)
      prisma:
        specifier: ^7.10.0
        version: 7.10.0(@types/react-dom@19.2.3(@types/react@19.2.14))(@types/react@19.2.14)(react-dom@19.2.6(react@19.2.6))(react@19.2.6)(typescript@5.9.3)
      react-server-dom-webpack:
        specifier: 19.2.6
        version: 19.2.6(react-dom@19.2.6(react@19.2.6))(react@19.2.6)(webpack@5.106.2(esbuild@0.28.0)(lightningcss@1.32.0)(postcss@8.5.23))
      tailwindcss:
        specifier: 4.2.1
        version: 4.2.1
      tw-animate-css:
        specifier: ^1.4.0
        version: 1.4.0
      typescript:
        specifier: 5.9.3
        version: 5.9.3
      vinext:
        specifier: 1.0.0-beta.5
        version: 1.0.0-beta.5(@vitejs/plugin-react@6.0.2(vite@8.0.13(@types/node@22.19.19)(esbuild@0.28.0)(jiti@2.7.0)(terser@5.47.1)(tsx@4.22.1)))(@vitejs/plugin-rsc@0.5.26(react-dom@19.2.6(react@19.2.6))(react-server-dom-webpack@19.2.6(react-dom@19.2.6(react@19.2.6))(react@19.2.6)(webpack@5.106.2(esbuild@0.28.0)(lightningcss@1.32.0)(postcss@8.5.23)))(react@19.2.6)(vite@8.0.13(@types/node@22.19.19)(esbuild@0.28.0)(jiti@2.7.0)(terser@5.47.1)(tsx@4.22.1)))(next@16.3.4(@babel/core@7.29.0(supports-color@10.2.2))(@types/node@22.19.19)(react-dom@19.2.6(react@19.2.6))(react@19.2.6))(react-dom@19.2.6(react@19.2.6))(react-server-dom-webpack@19.2.6(react-dom@19.2.6(react@19.2.6))(react@19.2.6)(webpack@5.106.2(esbuild@0.28.0)(lightningcss@1.32.0)(postcss@8.5.23)))(react@19.2.6)(vite@8.0.13(@types/node@22.19.19)(esbuild@0.28.0)(jiti@2.7.0)(terser@5.47.1)(tsx@4.22.1))
      vite:
        specifier: 8.0.13
        version: 8.0.13(@types/node@22.19.19)(esbuild@0.28.0)(jiti@2.7.0)(terser@5.47.1)(tsx@4.22.1)
      wrangler:
        specifier: 4.92.0
        version: 4.92.0(@cloudflare/workers-types@4.20260515.1)(@types/node@22.19.19)

packages:

  '@alloc/quick-lru@5.2.0':
    resolution: {integrity: sha512-UrcABB+4bUrFABwbluTIBErXwvbsU/V7TZWfmbgJfbkwiBuziS9gxdODUyuiecfdGQ85jglMW6juS3+z5TsKLw==}
    engines: {node: '>=10'}

  '@babel/code-frame@7.29.0':
    resolution: {integrity: sha512-9NhCeYjq9+3uxgdtp20LSiJXJvN0FeCtNGpJxuMFZ1Kv3cWUNb6DOhJwUvcVCzKGR66cw4njwM6hrJLqgOwbcw==}
    engines: {node: '>=6.9.0'}

  '@babel/compat-data@7.29.3':
    resolution: {integrity: sha512-LIVqM46zQWZhj17qA8wb4nW/ixr2y1Nw+r1etiAWgRM6U1IqP+LNhL1yg440jYZR72jCWcWbLWzIosH+uP1fqg==}
    engines: {node: '>=6.9.0'}

  '@babel/core@7.29.0':
    resolution: {integrity: sha512-CGOfOJqWjg2qW/Mb6zNsDm+u5vFQ8DxXfbM09z69p5Z6+mE1ikP2jUXw+j42Pf1XTYED2Rni5f95npYeuwMDQA==}
    engines: {node: '>=6.9.0'}

  '@babel/generator@7.29.1':
    resolution: {integrity: sha512-qsaF+9Qcm2Qv8SRIMMscAvG4O3lJ0F1GuMo5HR/Bp02LopNgnZBC/EkbevHFeGs4ls/oPz9v+Bsmzbkbe+0dUw==}
    engines: {node: '>=6.9.0'}

  '@b